
Microsoft Visual Studio Solution File, Format Version 12.00
# Visual Studio 14
VisualStudioVersion = 14.0.24720.0
MinimumVisualStudioVersion = 10.0.40219.1
Project("{FAE04EC0-301F-11D3-BF4B-00C04F79EFBC}") = "WOMU-labb2_Windows_Universal_App", "WOMU-labb2_Windows_Universal_App\WOMU-labb2_Windows_Universal_App.csproj", "{4BFE04E5-1F2D-4629-88CB-D30A0B1BED73}"
EndProject
Project("{FAE04EC0-301F-11D3-BF4B-00C04F79EFBC}") = "Web-Service", "Web-Service\Web-Service.csproj", "{F48B040C-7149-4F08-910D-CE3A29BA7E1B}"
EndProject
Global
	GlobalSection(SolutionConfigurationPlatforms) = preSolution
		Debug|Any CPU = Debug|Any CPU
		Debug|ARM = Debug|ARM
		Debug|x64 = Debug|x64
		Debug|x86 = Debug|x86
		Release|Any CPU = Release|Any CPU
		Release|ARM = Release|ARM
		Release|x64 = Release|x64
		Release|x86 = Release|x86
	EndGlobalSection
	GlobalSection(ProjectConfigurationPlatforms) = postSolution
		{4BFE04E5-1F2D-4629-88CB-D30A0B1BED73}.Debug|Any CPU.ActiveCfg = Debug|x86
		{4BFE04E5-1F2D-4629-88CB-D30A0B1BED73}.Debug|ARM.ActiveCfg = Debug|ARM
		{4BFE04E5-1F2D-4629-88CB-D30A0B1BED73}.Debug|ARM.Build.0 = Debug|ARM
		{4BFE04E5-1F2D-4629-88CB-D30A0B1BED73}.Debug|ARM.Deploy.0 = Debug|ARM
		{4BFE04E5-1F2D-4629-88CB-D30A0B1BED73}.Debug|x64.ActiveCfg = Debug|x64
		{4BFE04E5-1F2D-4629-88CB-D30A0B1BED73}.Debug|x64.Build.0 = Debug|x64
		{4BFE04E5-1F2D-4629-88CB-D30A0B1BED73}.Debug|x64.Deploy.0 = Debug|x64
		{4BFE04E5-1F2D-4629-88CB-D30A0B1BED73}.Debug|x86.ActiveCfg = Debug|x86
		{4BFE04E5-1F2D-4629-88CB-D30A0B1BED73}.Debug|x86.Build.0 = Debug|x86
		{4BFE04E5-1F2D-4629-88CB-D30A0B1BED73}.Debug|x86.Deploy.0 = Debug|x86
		{4BFE04E5-1F2D-4629-88CB-D30A0B1BED73}.Release|Any CPU.ActiveCfg = Release|x86
		{4BFE04E5-1F2D-4629-88CB-D30A0B1BED73}.Release|ARM.ActiveCfg = Release|ARM
		{4BFE04E5-1F2D-4629-88CB-D30A0B1BED73}.Release|ARM.Build.0 = Release|ARM
		{4BFE04E5-1F2D-4629-88CB-D30A0B1BED73}.Release|ARM.Deploy.0 = Release|ARM
		{4BFE04E5-1F2D-4629-88CB-D30A0B1BED73}.Release|x64.ActiveCfg = Release|x64
		{4BFE04E5-1F2D-4629-88CB-D30A0B1BED73}.Release|x64.Build.0 = Release|x64
		{4BFE04E5-1F2D-4629-88CB-D30A0B1BED73}.Release|x64.Deploy.0 = Release|x64
		{4BFE04E5-1F2D-4629-88CB-D30A0B1BED73}.Release|x86.ActiveCfg = Release|x86
		{4BFE04E5-1F2D-4629-88CB-D30A0B1BED73}.Release|x86.Build.0 = Release|x86
		{4BFE04E5-1F2D-4629-88CB-D30A0B1BED73}.Release|x86.Deploy.0 = Release|x86
		{F48B040C-7149-4F08-910D-CE3A29BA7E1B}.Debug|Any CPU.ActiveCfg = Debug|Any CPU
		{F48B040C-7149-4F08-910D-CE3A29BA7E1B}.Debug|Any CPU.Build.0 = Debug|Any CPU
		{F48B040C-7149-4F08-910D-CE3A29BA7E1B}.Debug|ARM.ActiveCfg = Debug|Any CPU
		{F48B040C-7149-4F08-910D-CE3A29BA7E1B}.Debug|ARM.Build.0 = Debug|Any CPU
		{F48B040C-7149-4F08-910D-CE3A29BA7E1B}.Debug|x64.ActiveCfg = Debug|Any CPU
		{F48B040C-7149-4F08-910D-CE3A29BA7E1B}.Debug|x64.Build.0 = Debug|Any CPU
		{F48B040C-7149-4F08-910D-CE3A29BA7E1B}.Debug|x86.ActiveCfg = Debug|Any CPU
		{F48B040C-7149-4F08-910D-CE3A29BA7E1B}.Debug|x86.Build.0 = Debug|Any CPU
		{F48B040C-7149-4F08-910D-CE3A29BA7E1B}.Release|Any CPU.ActiveCfg = Release|Any CPU
		{F48B040C-7149-4F08-910D-CE3A29BA7E1B}.Release|Any CPU.Build.0 = Release|Any CPU
		{F48B040C-7149-4F08-910D-CE3A29BA7E1B}.Release|ARM.ActiveCfg = Release|Any CPU
		{F48B040C-7149-4F08-910D-CE3A29BA7E1B}.Release|ARM.Build.0 = Release|Any CPU
		{F48B040C-7149-4F08-910D-CE3A29BA7E1B}.Release|x64.ActiveCfg = Release|Any CPU
		{F48B040C-7149-4F08-910D-CE3A29BA7E1B}.Release|x64.Build.0 = Release|Any CPU
		{F48B040C-7149-4F08-910D-CE3A29BA7E1B}.Release|x86.ActiveCfg = Release|Any CPU
		{F48B040C-7149-4F08-910D-CE3A29BA7E1B}.Release|x86.Build.0 = Release|Any CPU
	EndGlobalSection
	GlobalSection(SolutionProperties) = preSolution
		HideSolutionNode = FALSE
	EndGlobalSection
EndGlobal
